
Microsoft Visual Studio Solution File, Format Version 12.00
# Visual Studio Version 17
VisualStudioVersion = 17.4.33213.308
MinimumVisualStudioVersion = 10.0.40219.1
Project("{FAE04EC0-301F-11D3-BF4B-00C04F79EFBC}") = "Mixed Up Lists", "Mixed Up Lists\Mixed Up Lists.csproj", "{7EA68940-EDA7-4A81-987B-31CAA25FEDB0}"
EndProject
Global
	GlobalSection(SolutionConfigurationPlatforms) = preSolution
		Debug|Any CPU = Debug|Any CPU
		Release|Any CPU = Release|Any CPU
	EndGlobalSection
	GlobalSection(ProjectConfigurationPlatforms) = postSolution
		{7EA68940-EDA7-4A81-987B-31CAA25FEDB0}.Debug|Any CPU.ActiveCfg = Debug|Any CPU
		{7EA68940-EDA7-4A81-987B-31CAA25FEDB0}.Debug|Any CPU.Build.0 = Debug|Any CPU
		{7EA68940-EDA7-4A81-987B-31CAA25FEDB0}.Release|Any CPU.ActiveCfg = Release|Any CPU
		{7EA68940-EDA7-4A81-987B-31CAA25FEDB0}.Release|Any CPU.Build.0 = Release|Any CPU
	EndGlobalSection
	GlobalSection(SolutionProperties) = preSolution
		HideSolutionNode = FALSE
	EndGlobalSection
	GlobalSection(ExtensibilityGlobals) = postSolution
		SolutionGuid = {668927D4-2CD4-4ADD-A21E-1E8EDDAC35FD}
	EndGlobalSection
EndGlobal
