
Microsoft Visual Studio Solution File, Format Version 12.00
# Visual Studio Version 17
VisualStudioVersion = 17.4.33213.308
MinimumVisualStudioVersion = 10.0.40219.1
Project("{FAE04EC0-301F-11D3-BF4B-00C04F79EFBC}") = "Primary Diagonal", "Primary Diagonal\Primary Diagonal.csproj", "{A02D326B-F3AD-4A3E-AA4F-2A702D3F6CB1}"
EndProject
Global
	GlobalSection(SolutionConfigurationPlatforms) = preSolution
		Debug|Any CPU = Debug|Any CPU
		Release|Any CPU = Release|Any CPU
	EndGlobalSection
	GlobalSection(ProjectConfigurationPlatforms) = postSolution
		{A02D326B-F3AD-4A3E-AA4F-2A702D3F6CB1}.Debug|Any CPU.ActiveCfg = Debug|Any CPU
		{A02D326B-F3AD-4A3E-AA4F-2A702D3F6CB1}.Debug|Any CPU.Build.0 = Debug|Any CPU
		{A02D326B-F3AD-4A3E-AA4F-2A702D3F6CB1}.Release|Any CPU.ActiveCfg = Release|Any CPU
		{A02D326B-F3AD-4A3E-AA4F-2A702D3F6CB1}.Release|Any CPU.Build.0 = Release|Any CPU
	EndGlobalSection
	GlobalSection(SolutionProperties) = preSolution
		HideSolutionNode = FALSE
	EndGlobalSection
	GlobalSection(ExtensibilityGlobals) = postSolution
		SolutionGuid = {4363D9C8-25DF-42EA-AF37-95A20358CD7D}
	EndGlobalSection
EndGlobal
