
Microsoft Visual Studio Solution File, Format Version 12.00
# Visual Studio Version 17
VisualStudioVersion = 17.4.33213.308
MinimumVisualStudioVersion = 10.0.40219.1
Project("{FAE04EC0-301F-11D3-BF4B-00C04F79EFBC}") = "ConsoleApp2", "ConsoleApp2\ConsoleApp2.csproj", "{A8190E82-C17B-4AA3-81EC-DAEDF32C3D60}"
EndProject
Global
	GlobalSection(SolutionConfigurationPlatforms) = preSolution
		Debug|Any CPU = Debug|Any CPU
		Release|Any CPU = Release|Any CPU
	EndGlobalSection
	GlobalSection(ProjectConfigurationPlatforms) = postSolution
		{A8190E82-C17B-4AA3-81EC-DAEDF32C3D60}.Debug|Any CPU.ActiveCfg = Debug|Any CPU
		{A8190E82-C17B-4AA3-81EC-DAEDF32C3D60}.Debug|Any CPU.Build.0 = Debug|Any CPU
		{A8190E82-C17B-4AA3-81EC-DAEDF32C3D60}.Release|Any CPU.ActiveCfg = Release|Any CPU
		{A8190E82-C17B-4AA3-81EC-DAEDF32C3D60}.Release|Any CPU.Build.0 = Release|Any CPU
	EndGlobalSection
	GlobalSection(SolutionProperties) = preSolution
		HideSolutionNode = FALSE
	EndGlobalSection
	GlobalSection(ExtensibilityGlobals) = postSolution
		SolutionGuid = {49EB7F13-D941-452F-B45B-F1CB62BFEE3A}
	EndGlobalSection
EndGlobal
