
Microsoft Visual Studio Solution File, Format Version 12.00
# Visual Studio Version 17
VisualStudioVersion = 17.4.33213.308
MinimumVisualStudioVersion = 10.0.40219.1
Project("{FAE04EC0-301F-11D3-BF4B-00C04F79EFBC}") = "Convert Meters to Kilometers", "Convert Meters to Kilometers\Convert Meters to Kilometers.csproj", "{6729D7EB-137A-417C-A584-F2149A996BB2}"
EndProject
Global
	GlobalSection(SolutionConfigurationPlatforms) = preSolution
		Debug|Any CPU = Debug|Any CPU
		Release|Any CPU = Release|Any CPU
	EndGlobalSection
	GlobalSection(ProjectConfigurationPlatforms) = postSolution
		{6729D7EB-137A-417C-A584-F2149A996BB2}.Debug|Any CPU.ActiveCfg = Debug|Any CPU
		{6729D7EB-137A-417C-A584-F2149A996BB2}.Debug|Any CPU.Build.0 = Debug|Any CPU
		{6729D7EB-137A-417C-A584-F2149A996BB2}.Release|Any CPU.ActiveCfg = Release|Any CPU
		{6729D7EB-137A-417C-A584-F2149A996BB2}.Release|Any CPU.Build.0 = Release|Any CPU
	EndGlobalSection
	GlobalSection(SolutionProperties) = preSolution
		HideSolutionNode = FALSE
	EndGlobalSection
	GlobalSection(ExtensibilityGlobals) = postSolution
		SolutionGuid = {CBE4B525-72E5-4B92-A7FD-DF320F9FCF26}
	EndGlobalSection
EndGlobal
