
Microsoft Visual Studio Solution File, Format Version 12.00
# Visual Studio Version 17
VisualStudioVersion = 17.4.33213.308
MinimumVisualStudioVersion = 10.0.40219.1
Project("{FAE04EC0-301F-11D3-BF4B-00C04F79EFBC}") = "Calculate Rectangle Area", "Calculate Rectangle Area\Calculate Rectangle Area.csproj", "{F2CF22E7-43B1-4F78-96C4-B29070926CE1}"
EndProject
Global
	GlobalSection(SolutionConfigurationPlatforms) = preSolution
		Debug|Any CPU = Debug|Any CPU
		Release|Any CPU = Release|Any CPU
	EndGlobalSection
	GlobalSection(ProjectConfigurationPlatforms) = postSolution
		{F2CF22E7-43B1-4F78-96C4-B29070926CE1}.Debug|Any CPU.ActiveCfg = Debug|Any CPU
		{F2CF22E7-43B1-4F78-96C4-B29070926CE1}.Debug|Any CPU.Build.0 = Debug|Any CPU
		{F2CF22E7-43B1-4F78-96C4-B29070926CE1}.Release|Any CPU.ActiveCfg = Release|Any CPU
		{F2CF22E7-43B1-4F78-96C4-B29070926CE1}.Release|Any CPU.Build.0 = Release|Any CPU
	EndGlobalSection
	GlobalSection(SolutionProperties) = preSolution
		HideSolutionNode = FALSE
	EndGlobalSection
	GlobalSection(ExtensibilityGlobals) = postSolution
		SolutionGuid = {EC550AAD-20B5-44C4-A67B-F5BF702E1E5D}
	EndGlobalSection
EndGlobal
