
Microsoft Visual Studio Solution File, Format Version 12.00
# Visual Studio Version 17
VisualStudioVersion = 17.4.33213.308
MinimumVisualStudioVersion = 10.0.40219.1
Project("{FAE04EC0-301F-11D3-BF4B-00C04F79EFBC}") = "Gauss' Trick", "Gauss' Trick\Gauss' Trick.csproj", "{50083332-DC3A-45DA-83C7-E5F9474D59E7}"
EndProject
Global
	GlobalSection(SolutionConfigurationPlatforms) = preSolution
		Debug|Any CPU = Debug|Any CPU
		Release|Any CPU = Release|Any CPU
	EndGlobalSection
	GlobalSection(ProjectConfigurationPlatforms) = postSolution
		{50083332-DC3A-45DA-83C7-E5F9474D59E7}.Debug|Any CPU.ActiveCfg = Debug|Any CPU
		{50083332-DC3A-45DA-83C7-E5F9474D59E7}.Debug|Any CPU.Build.0 = Debug|Any CPU
		{50083332-DC3A-45DA-83C7-E5F9474D59E7}.Release|Any CPU.ActiveCfg = Release|Any CPU
		{50083332-DC3A-45DA-83C7-E5F9474D59E7}.Release|Any CPU.Build.0 = Release|Any CPU
	EndGlobalSection
	GlobalSection(SolutionProperties) = preSolution
		HideSolutionNode = FALSE
	EndGlobalSection
	GlobalSection(ExtensibilityGlobals) = postSolution
		SolutionGuid = {3F71C9A5-0511-4006-9252-78D04AB48856}
	EndGlobalSection
EndGlobal
