
Microsoft Visual Studio Solution File, Format Version 12.00
# Visual Studio Version 17
VisualStudioVersion = 17.4.33213.308
MinimumVisualStudioVersion = 10.0.40219.1
Project("{FAE04EC0-301F-11D3-BF4B-00C04F79EFBC}") = "Sum Matrix Elements", "Sum Matrix Elements\Sum Matrix Elements.csproj", "{C1532531-5A9F-4C2B-896C-EE66EEFCDCDE}"
EndProject
Global
	GlobalSection(SolutionConfigurationPlatforms) = preSolution
		Debug|Any CPU = Debug|Any CPU
		Release|Any CPU = Release|Any CPU
	EndGlobalSection
	GlobalSection(ProjectConfigurationPlatforms) = postSolution
		{C1532531-5A9F-4C2B-896C-EE66EEFCDCDE}.Debug|Any CPU.ActiveCfg = Debug|Any CPU
		{C1532531-5A9F-4C2B-896C-EE66EEFCDCDE}.Debug|Any CPU.Build.0 = Debug|Any CPU
		{C1532531-5A9F-4C2B-896C-EE66EEFCDCDE}.Release|Any CPU.ActiveCfg = Release|Any CPU
		{C1532531-5A9F-4C2B-896C-EE66EEFCDCDE}.Release|Any CPU.Build.0 = Release|Any CPU
	EndGlobalSection
	GlobalSection(SolutionProperties) = preSolution
		HideSolutionNode = FALSE
	EndGlobalSection
	GlobalSection(ExtensibilityGlobals) = postSolution
		SolutionGuid = {29BC6284-2744-4CCC-84C5-3CFB12FEB29A}
	EndGlobalSection
EndGlobal
