
Microsoft Visual Studio Solution File, Format Version 12.00
# Visual Studio Version 17
VisualStudioVersion = 17.4.33213.308
MinimumVisualStudioVersion = 10.0.40219.1
Project("{FAE04EC0-301F-11D3-BF4B-00C04F79EFBC}") = "Custom Comparator", "Custom Comparator\Custom Comparator.csproj", "{C6AA438D-3239-4412-8A02-F95437EA1E0B}"
EndProject
Global
	GlobalSection(SolutionConfigurationPlatforms) = preSolution
		Debug|Any CPU = Debug|Any CPU
		Release|Any CPU = Release|Any CPU
	EndGlobalSection
	GlobalSection(ProjectConfigurationPlatforms) = postSolution
		{C6AA438D-3239-4412-8A02-F95437EA1E0B}.Debug|Any CPU.ActiveCfg = Debug|Any CPU
		{C6AA438D-3239-4412-8A02-F95437EA1E0B}.Debug|Any CPU.Build.0 = Debug|Any CPU
		{C6AA438D-3239-4412-8A02-F95437EA1E0B}.Release|Any CPU.ActiveCfg = Release|Any CPU
		{C6AA438D-3239-4412-8A02-F95437EA1E0B}.Release|Any CPU.Build.0 = Release|Any CPU
	EndGlobalSection
	GlobalSection(SolutionProperties) = preSolution
		HideSolutionNode = FALSE
	EndGlobalSection
	GlobalSection(ExtensibilityGlobals) = postSolution
		SolutionGuid = {5833B608-6897-409F-BA63-E48336443090}
	EndGlobalSection
EndGlobal
