
Microsoft Visual Studio Solution File, Format Version 12.00
# Visual Studio Version 17
VisualStudioVersion = 17.4.33213.308
MinimumVisualStudioVersion = 10.0.40219.1
Project("{FAE04EC0-301F-11D3-BF4B-00C04F79EFBC}") = "Messaging", "Messaging\Messaging.csproj", "{4F29BF1B-F55E-4597-9532-EE0F46B7FFBD}"
EndProject
Global
	GlobalSection(SolutionConfigurationPlatforms) = preSolution
		Debug|Any CPU = Debug|Any CPU
		Release|Any CPU = Release|Any CPU
	EndGlobalSection
	GlobalSection(ProjectConfigurationPlatforms) = postSolution
		{4F29BF1B-F55E-4597-9532-EE0F46B7FFBD}.Debug|Any CPU.ActiveCfg = Debug|Any CPU
		{4F29BF1B-F55E-4597-9532-EE0F46B7FFBD}.Debug|Any CPU.Build.0 = Debug|Any CPU
		{4F29BF1B-F55E-4597-9532-EE0F46B7FFBD}.Release|Any CPU.ActiveCfg = Release|Any CPU
		{4F29BF1B-F55E-4597-9532-EE0F46B7FFBD}.Release|Any CPU.Build.0 = Release|Any CPU
	EndGlobalSection
	GlobalSection(SolutionProperties) = preSolution
		HideSolutionNode = FALSE
	EndGlobalSection
	GlobalSection(ExtensibilityGlobals) = postSolution
		SolutionGuid = {A6A50553-4B3C-4394-971F-71B29CF9DAC8}
	EndGlobalSection
EndGlobal
