
Microsoft Visual Studio Solution File, Format Version 12.00
# Visual Studio Version 17
VisualStudioVersion = 17.4.33213.308
MinimumVisualStudioVersion = 10.0.40219.1
Project("{FAE04EC0-301F-11D3-BF4B-00C04F79EFBC}") = "Elevator", "Elevator\Elevator.csproj", "{52FDF540-3D50-41F9-9759-E8A6B3CFCDE9}"
EndProject
Global
	GlobalSection(SolutionConfigurationPlatforms) = preSolution
		Debug|Any CPU = Debug|Any CPU
		Release|Any CPU = Release|Any CPU
	EndGlobalSection
	GlobalSection(ProjectConfigurationPlatforms) = postSolution
		{52FDF540-3D50-41F9-9759-E8A6B3CFCDE9}.Debug|Any CPU.ActiveCfg = Debug|Any CPU
		{52FDF540-3D50-41F9-9759-E8A6B3CFCDE9}.Debug|Any CPU.Build.0 = Debug|Any CPU
		{52FDF540-3D50-41F9-9759-E8A6B3CFCDE9}.Release|Any CPU.ActiveCfg = Release|Any CPU
		{52FDF540-3D50-41F9-9759-E8A6B3CFCDE9}.Release|Any CPU.Build.0 = Release|Any CPU
	EndGlobalSection
	GlobalSection(SolutionProperties) = preSolution
		HideSolutionNode = FALSE
	EndGlobalSection
	GlobalSection(ExtensibilityGlobals) = postSolution
		SolutionGuid = {83597059-DA36-4FBB-9B53-101742224057}
	EndGlobalSection
EndGlobal
