
Microsoft Visual Studio Solution File, Format Version 12.00
# Visual Studio Version 17
VisualStudioVersion = 17.4.33213.308
MinimumVisualStudioVersion = 10.0.40219.1
Project("{FAE04EC0-301F-11D3-BF4B-00C04F79EFBC}") = "Reverse Array of Strings", "Reverse Array of Strings\Reverse Array of Strings.csproj", "{C91C5A69-0E64-4741-A00F-64BAB99CDAC5}"
EndProject
Global
	GlobalSection(SolutionConfigurationPlatforms) = preSolution
		Debug|Any CPU = Debug|Any CPU
		Release|Any CPU = Release|Any CPU
	EndGlobalSection
	GlobalSection(ProjectConfigurationPlatforms) = postSolution
		{C91C5A69-0E64-4741-A00F-64BAB99CDAC5}.Debug|Any CPU.ActiveCfg = Debug|Any CPU
		{C91C5A69-0E64-4741-A00F-64BAB99CDAC5}.Debug|Any CPU.Build.0 = Debug|Any CPU
		{C91C5A69-0E64-4741-A00F-64BAB99CDAC5}.Release|Any CPU.ActiveCfg = Release|Any CPU
		{C91C5A69-0E64-4741-A00F-64BAB99CDAC5}.Release|Any CPU.Build.0 = Release|Any CPU
	EndGlobalSection
	GlobalSection(SolutionProperties) = preSolution
		HideSolutionNode = FALSE
	EndGlobalSection
	GlobalSection(ExtensibilityGlobals) = postSolution
		SolutionGuid = {44345629-133C-4EF8-849B-8628F5CAA09C}
	EndGlobalSection
EndGlobal
