
Microsoft Visual Studio Solution File, Format Version 12.00
# Visual Studio Version 17
VisualStudioVersion = 17.4.33213.308
MinimumVisualStudioVersion = 10.0.40219.1
Project("{FAE04EC0-301F-11D3-BF4B-00C04F79EFBC}") = "Zig-Zag Arrays", "Zig-Zag Arrays\Zig-Zag Arrays.csproj", "{5153A408-FE6A-49FA-BDD4-CA3D9DA605C0}"
EndProject
Global
	GlobalSection(SolutionConfigurationPlatforms) = preSolution
		Debug|Any CPU = Debug|Any CPU
		Release|Any CPU = Release|Any CPU
	EndGlobalSection
	GlobalSection(ProjectConfigurationPlatforms) = postSolution
		{5153A408-FE6A-49FA-BDD4-CA3D9DA605C0}.Debug|Any CPU.ActiveCfg = Debug|Any CPU
		{5153A408-FE6A-49FA-BDD4-CA3D9DA605C0}.Debug|Any CPU.Build.0 = Debug|Any CPU
		{5153A408-FE6A-49FA-BDD4-CA3D9DA605C0}.Release|Any CPU.ActiveCfg = Release|Any CPU
		{5153A408-FE6A-49FA-BDD4-CA3D9DA605C0}.Release|Any CPU.Build.0 = Release|Any CPU
	EndGlobalSection
	GlobalSection(SolutionProperties) = preSolution
		HideSolutionNode = FALSE
	EndGlobalSection
	GlobalSection(ExtensibilityGlobals) = postSolution
		SolutionGuid = {4A4FD322-2F62-4AF1-9CDA-DBFB94811BF6}
	EndGlobalSection
EndGlobal
