
Microsoft Visual Studio Solution File, Format Version 12.00
# Visual Studio Version 17
VisualStudioVersion = 17.4.33213.308
MinimumVisualStudioVersion = 10.0.40219.1
Project("{FAE04EC0-301F-11D3-BF4B-00C04F79EFBC}") = "Array Rotation", "Array Rotation\Array Rotation.csproj", "{0C0EC4AB-3584-4AEB-853D-083225FF0540}"
EndProject
Global
	GlobalSection(SolutionConfigurationPlatforms) = preSolution
		Debug|Any CPU = Debug|Any CPU
		Release|Any CPU = Release|Any CPU
	EndGlobalSection
	GlobalSection(ProjectConfigurationPlatforms) = postSolution
		{0C0EC4AB-3584-4AEB-853D-083225FF0540}.Debug|Any CPU.ActiveCfg = Debug|Any CPU
		{0C0EC4AB-3584-4AEB-853D-083225FF0540}.Debug|Any CPU.Build.0 = Debug|Any CPU
		{0C0EC4AB-3584-4AEB-853D-083225FF0540}.Release|Any CPU.ActiveCfg = Release|Any CPU
		{0C0EC4AB-3584-4AEB-853D-083225FF0540}.Release|Any CPU.Build.0 = Release|Any CPU
	EndGlobalSection
	GlobalSection(SolutionProperties) = preSolution
		HideSolutionNode = FALSE
	EndGlobalSection
	GlobalSection(ExtensibilityGlobals) = postSolution
		SolutionGuid = {5D21526B-FD80-4B00-A0EB-8E10B77A7B1A}
	EndGlobalSection
EndGlobal
