
Microsoft Visual Studio Solution File, Format Version 12.00
# Visual Studio Version 17
VisualStudioVersion = 17.4.33213.308
MinimumVisualStudioVersion = 10.0.40219.1
Project("{FAE04EC0-301F-11D3-BF4B-00C04F79EFBC}") = "Password Validator", "Password Validator\Password Validator.csproj", "{CFA950F9-329C-4058-8463-CBC974012BDB}"
EndProject
Global
	GlobalSection(SolutionConfigurationPlatforms) = preSolution
		Debug|Any CPU = Debug|Any CPU
		Release|Any CPU = Release|Any CPU
	EndGlobalSection
	GlobalSection(ProjectConfigurationPlatforms) = postSolution
		{CFA950F9-329C-4058-8463-CBC974012BDB}.Debug|Any CPU.ActiveCfg = Debug|Any CPU
		{CFA950F9-329C-4058-8463-CBC974012BDB}.Debug|Any CPU.Build.0 = Debug|Any CPU
		{CFA950F9-329C-4058-8463-CBC974012BDB}.Release|Any CPU.ActiveCfg = Release|Any CPU
		{CFA950F9-329C-4058-8463-CBC974012BDB}.Release|Any CPU.Build.0 = Release|Any CPU
	EndGlobalSection
	GlobalSection(SolutionProperties) = preSolution
		HideSolutionNode = FALSE
	EndGlobalSection
	GlobalSection(ExtensibilityGlobals) = postSolution
		SolutionGuid = {AE9AF597-F60E-43D2-8AF5-BA0219A79D68}
	EndGlobalSection
EndGlobal
