
Microsoft Visual Studio Solution File, Format Version 12.00
# Visual Studio Version 17
VisualStudioVersion = 17.11.35312.102
MinimumVisualStudioVersion = 10.0.40219.1
Project("{FAE04EC0-301F-11D3-BF4B-00C04F79EFBC}") = "Dates", "Dates\Dates.csproj", "{AC934AFE-3232-45DD-87B1-9B1983B81428}"
EndProject
Global
	GlobalSection(SolutionConfigurationPlatforms) = preSolution
		Debug|Any CPU = Debug|Any CPU
		Release|Any CPU = Release|Any CPU
	EndGlobalSection
	GlobalSection(ProjectConfigurationPlatforms) = postSolution
		{AC934AFE-3232-45DD-87B1-9B1983B81428}.Debug|Any CPU.ActiveCfg = Debug|Any CPU
		{AC934AFE-3232-45DD-87B1-9B1983B81428}.Debug|Any CPU.Build.0 = Debug|Any CPU
		{AC934AFE-3232-45DD-87B1-9B1983B81428}.Release|Any CPU.ActiveCfg = Release|Any CPU
		{AC934AFE-3232-45DD-87B1-9B1983B81428}.Release|Any CPU.Build.0 = Release|Any CPU
	EndGlobalSection
	GlobalSection(SolutionProperties) = preSolution
		HideSolutionNode = FALSE
	EndGlobalSection
	GlobalSection(ExtensibilityGlobals) = postSolution
		SolutionGuid = {6C1F2B66-9852-4626-9609-C0E6C107C655}
	EndGlobalSection
EndGlobal
