
Microsoft Visual Studio Solution File, Format Version 12.00
# Visual Studio Version 17
VisualStudioVersion = 17.4.33213.308
MinimumVisualStudioVersion = 10.0.40219.1
Project("{FAE04EC0-301F-11D3-BF4B-00C04F79EFBC}") = "Max Sequence of Equal Elements", "Max Sequence of Equal Elements\Max Sequence of Equal Elements.csproj", "{6766E3C4-4941-4A0D-9AEF-66956A8A72B4}"
EndProject
Global
	GlobalSection(SolutionConfigurationPlatforms) = preSolution
		Debug|Any CPU = Debug|Any CPU
		Release|Any CPU = Release|Any CPU
	EndGlobalSection
	GlobalSection(ProjectConfigurationPlatforms) = postSolution
		{6766E3C4-4941-4A0D-9AEF-66956A8A72B4}.Debug|Any CPU.ActiveCfg = Debug|Any CPU
		{6766E3C4-4941-4A0D-9AEF-66956A8A72B4}.Debug|Any CPU.Build.0 = Debug|Any CPU
		{6766E3C4-4941-4A0D-9AEF-66956A8A72B4}.Release|Any CPU.ActiveCfg = Release|Any CPU
		{6766E3C4-4941-4A0D-9AEF-66956A8A72B4}.Release|Any CPU.Build.0 = Release|Any CPU
	EndGlobalSection
	GlobalSection(SolutionProperties) = preSolution
		HideSolutionNode = FALSE
	EndGlobalSection
	GlobalSection(ExtensibilityGlobals) = postSolution
		SolutionGuid = {5F81B9D2-9246-4E60-88DB-BD0DA28474C1}
	EndGlobalSection
EndGlobal
