
Microsoft Visual Studio Solution File, Format Version 12.00
# Visual Studio Version 17
VisualStudioVersion = 17.4.33213.308
MinimumVisualStudioVersion = 10.0.40219.1
Project("{FAE04EC0-301F-11D3-BF4B-00C04F79EFBC}") = "Multiply Evens by Odds", "Multiply Evens by Odds\Multiply Evens by Odds.csproj", "{9B53508D-FF31-45A9-9220-83065755B392}"
EndProject
Global
	GlobalSection(SolutionConfigurationPlatforms) = preSolution
		Debug|Any CPU = Debug|Any CPU
		Release|Any CPU = Release|Any CPU
	EndGlobalSection
	GlobalSection(ProjectConfigurationPlatforms) = postSolution
		{9B53508D-FF31-45A9-9220-83065755B392}.Debug|Any CPU.ActiveCfg = Debug|Any CPU
		{9B53508D-FF31-45A9-9220-83065755B392}.Debug|Any CPU.Build.0 = Debug|Any CPU
		{9B53508D-FF31-45A9-9220-83065755B392}.Release|Any CPU.ActiveCfg = Release|Any CPU
		{9B53508D-FF31-45A9-9220-83065755B392}.Release|Any CPU.Build.0 = Release|Any CPU
	EndGlobalSection
	GlobalSection(SolutionProperties) = preSolution
		HideSolutionNode = FALSE
	EndGlobalSection
	GlobalSection(ExtensibilityGlobals) = postSolution
		SolutionGuid = {1638A046-C745-4DBB-8FFA-689D6487585A}
	EndGlobalSection
EndGlobal
