
Microsoft Visual Studio Solution File, Format Version 12.00
# Visual Studio Version 17
VisualStudioVersion = 17.4.33213.308
MinimumVisualStudioVersion = 10.0.40219.1
Project("{FAE04EC0-301F-11D3-BF4B-00C04F79EFBC}") = "Spice Must Flow", "Spice Must Flow\Spice Must Flow.csproj", "{A819E745-C624-4C69-AE0F-BBA9C318DACC}"
EndProject
Global
	GlobalSection(SolutionConfigurationPlatforms) = preSolution
		Debug|Any CPU = Debug|Any CPU
		Release|Any CPU = Release|Any CPU
	EndGlobalSection
	GlobalSection(ProjectConfigurationPlatforms) = postSolution
		{A819E745-C624-4C69-AE0F-BBA9C318DACC}.Debug|Any CPU.ActiveCfg = Debug|Any CPU
		{A819E745-C624-4C69-AE0F-BBA9C318DACC}.Debug|Any CPU.Build.0 = Debug|Any CPU
		{A819E745-C624-4C69-AE0F-BBA9C318DACC}.Release|Any CPU.ActiveCfg = Release|Any CPU
		{A819E745-C624-4C69-AE0F-BBA9C318DACC}.Release|Any CPU.Build.0 = Release|Any CPU
	EndGlobalSection
	GlobalSection(SolutionProperties) = preSolution
		HideSolutionNode = FALSE
	EndGlobalSection
	GlobalSection(ExtensibilityGlobals) = postSolution
		SolutionGuid = {FC6A4D19-AFA9-446C-8685-77CEAE5BC5FC}
	EndGlobalSection
EndGlobal
